
Microsoft Visual Studio Solution File, Format Version 12.00
# Visual Studio Version 16
VisualStudioVersion = 16.0.29806.167
MinimumVisualStudioVersion = 10.0.40219.1
Project("{8BC9CEB8-8B4A-11D0-8D11-00A0C91BC942}") = "TheGamer", "TheGamer.vcxproj", "{108D82B9-DEE3-4819-B0E6-943DC6FD0418}"
EndProject
Global
	GlobalSection(SolutionConfigurationPlatforms) = preSolution
		Debug|x64 = Debug|x64
		Debug|x86 = Debug|x86
		Release|x64 = Release|x64
		Release|x86 = Release|x86
	EndGlobalSection
	GlobalSection(ProjectConfigurationPlatforms) = postSolution
		{108D82B9-DEE3-4819-B0E6-943DC6FD0418}.Debug|x64.ActiveCfg = Debug|x64
		{108D82B9-DEE3-4819-B0E6-943DC6FD0418}.Debug|x64.Build.0 = Debug|x64
		{108D82B9-DEE3-4819-B0E6-943DC6FD0418}.Debug|x86.ActiveCfg = Debug|Win32
		{108D82B9-DEE3-4819-B0E6-943DC6FD0418}.Debug|x86.Build.0 = Debug|Win32
		{108D82B9-DEE3-4819-B0E6-943DC6FD0418}.Release|x64.ActiveCfg = Release|x64
		{108D82B9-DEE3-4819-B0E6-943DC6FD0418}.Release|x64.Build.0 = Release|x64
		{108D82B9-DEE3-4819-B0E6-943DC6FD0418}.Release|x86.ActiveCfg = Release|Win32
		{108D82B9-DEE3-4819-B0E6-943DC6FD0418}.Release|x86.Build.0 = Release|Win32
	EndGlobalSection
	GlobalSection(SolutionProperties) = preSolution
		HideSolutionNode = FALSE
	EndGlobalSection
	GlobalSection(ExtensibilityGlobals) = postSolution
		SolutionGuid = {954BECB4-9B77-44EB-8416-C736AE1CED46}
	EndGlobalSection
EndGlobal
